
Microsoft Visual Studio Solution File, Format Version 12.00
# Visual Studio Version 17
VisualStudioVersion = 17.10.35013.160
MinimumVisualStudioVersion = 10.0.40219.1
Project("{9A19103F-16F7-4668-BE54-9A1E7A4F7556}") = "Account.API", "Account.API\Account.API.csproj", "{05455751-DE81-4A71-A2BE-F4F7E673E0E5}"
EndProject
Project("{9A19103F-16F7-4668-BE54-9A1E7A4F7556}") = "User.API", "User.API\User.API.csproj", "{245BC4EE-57AB-4C8F-AB1A-4D6730F4D2C4}"
EndProject
Project("{9A19103F-16F7-4668-BE54-9A1E7A4F7556}") = "Transfer.API", "Transfer.API\Transfer.API.csproj", "{08CDF8C3-C1D8-46FB-AE0C-7F8EE76451EC}"
EndProject
Project("{9A19103F-16F7-4668-BE54-9A1E7A4F7556}") = "Domain", "Domain\Domain.csproj", "{37DE4F75-B5E9-4859-AA78-16514F20C219}"
EndProject
Project("{FAE04EC0-301F-11D3-BF4B-00C04F79EFBC}") = "UserApplication", "UserApplication\UserApplication.csproj", "{EA18BE72-55FD-406C-83B1-7915F01A371D}"
EndProject
Project("{2150E333-8FDC-42A3-9474-1A3956D46DE8}") = "User", "User", "{ADB387E1-1C87-4194-8A63-4726660B1A8A}"
EndProject
Project("{FAE04EC0-301F-11D3-BF4B-00C04F79EFBC}") = "UserInfrastructure", "UserInfrastructure\UserInfrastructure.csproj", "{ACBB5D17-12F2-42C7-8F42-4753DA472518}"
EndProject
Project("{2150E333-8FDC-42A3-9474-1A3956D46DE8}") = "Account", "Account", "{ED0FDC11-9AE0-4E09-868B-5ECDA0BFD679}"
EndProject
Project("{2150E333-8FDC-42A3-9474-1A3956D46DE8}") = "Transfer", "Transfer", "{08A42363-C975-4012-AEAD-AE7EBFA6EE48}"
EndProject
Project("{FAE04EC0-301F-11D3-BF4B-00C04F79EFBC}") = "TransferApplication", "TransferApplication\TransferApplication.csproj", "{3F10A7CC-3135-457C-9A46-9C16ECB3BB57}"
EndProject
Project("{FAE04EC0-301F-11D3-BF4B-00C04F79EFBC}") = "TransferInfrastructure", "TransferInfrastructure\TransferInfrastructure.csproj", "{E68C7D70-2DB0-422A-8489-CA81B0A0D490}"
EndProject
Project("{FAE04EC0-301F-11D3-BF4B-00C04F79EFBC}") = "AccountApplication", "AccountApplication\AccountApplication.csproj", "{28BFA3A9-F628-484D-8C88-3B82407F1FBC}"
EndProject
Project("{FAE04EC0-301F-11D3-BF4B-00C04F79EFBC}") = "AccountInfrastructure", "AccountInfrastructure\AccountInfrastructure.csproj", "{9DFBC661-D9BB-48AB-A841-07FCC886EB9B}"
EndProject
Global
	GlobalSection(SolutionConfigurationPlatforms) = preSolution
		Debug|Any CPU = Debug|Any CPU
		Release|Any CPU = Release|Any CPU
	EndGlobalSection
	GlobalSection(ProjectConfigurationPlatforms) = postSolution
		{05455751-DE81-4A71-A2BE-F4F7E673E0E5}.Debug|Any CPU.ActiveCfg = Debug|Any CPU
		{05455751-DE81-4A71-A2BE-F4F7E673E0E5}.Debug|Any CPU.Build.0 = Debug|Any CPU
		{05455751-DE81-4A71-A2BE-F4F7E673E0E5}.Release|Any CPU.ActiveCfg = Release|Any CPU
		{05455751-DE81-4A71-A2BE-F4F7E673E0E5}.Release|Any CPU.Build.0 = Release|Any CPU
		{245BC4EE-57AB-4C8F-AB1A-4D6730F4D2C4}.Debug|Any CPU.ActiveCfg = Debug|Any CPU
		{245BC4EE-57AB-4C8F-AB1A-4D6730F4D2C4}.Debug|Any CPU.Build.0 = Debug|Any CPU
		{245BC4EE-57AB-4C8F-AB1A-4D6730F4D2C4}.Release|Any CPU.ActiveCfg = Release|Any CPU
		{245BC4EE-57AB-4C8F-AB1A-4D6730F4D2C4}.Release|Any CPU.Build.0 = Release|Any CPU
		{08CDF8C3-C1D8-46FB-AE0C-7F8EE76451EC}.Debug|Any CPU.ActiveCfg = Debug|Any CPU
		{08CDF8C3-C1D8-46FB-AE0C-7F8EE76451EC}.Debug|Any CPU.Build.0 = Debug|Any CPU
		{08CDF8C3-C1D8-46FB-AE0C-7F8EE76451EC}.Release|Any CPU.ActiveCfg = Release|Any CPU
		{08CDF8C3-C1D8-46FB-AE0C-7F8EE76451EC}.Release|Any CPU.Build.0 = Release|Any CPU
		{37DE4F75-B5E9-4859-AA78-16514F20C219}.Debug|Any CPU.ActiveCfg = Debug|Any CPU
		{37DE4F75-B5E9-4859-AA78-16514F20C219}.Debug|Any CPU.Build.0 = Debug|Any CPU
		{37DE4F75-B5E9-4859-AA78-16514F20C219}.Release|Any CPU.ActiveCfg = Release|Any CPU
		{37DE4F75-B5E9-4859-AA78-16514F20C219}.Release|Any CPU.Build.0 = Release|Any CPU
		{EA18BE72-55FD-406C-83B1-7915F01A371D}.Debug|Any CPU.ActiveCfg = Debug|Any CPU
		{EA18BE72-55FD-406C-83B1-7915F01A371D}.Debug|Any CPU.Build.0 = Debug|Any CPU
		{EA18BE72-55FD-406C-83B1-7915F01A371D}.Release|Any CPU.ActiveCfg = Release|Any CPU
		{EA18BE72-55FD-406C-83B1-7915F01A371D}.Release|Any CPU.Build.0 = Release|Any CPU
		{ACBB5D17-12F2-42C7-8F42-4753DA472518}.Debug|Any CPU.ActiveCfg = Debug|Any CPU
		{ACBB5D17-12F2-42C7-8F42-4753DA472518}.Debug|Any CPU.Build.0 = Debug|Any CPU
		{ACBB5D17-12F2-42C7-8F42-4753DA472518}.Release|Any CPU.ActiveCfg = Release|Any CPU
		{ACBB5D17-12F2-42C7-8F42-4753DA472518}.Release|Any CPU.Build.0 = Release|Any CPU
		{3F10A7CC-3135-457C-9A46-9C16ECB3BB57}.Debug|Any CPU.ActiveCfg = Debug|Any CPU
		{3F10A7CC-3135-457C-9A46-9C16ECB3BB57}.Debug|Any CPU.Build.0 = Debug|Any CPU
		{3F10A7CC-3135-457C-9A46-9C16ECB3BB57}.Release|Any CPU.ActiveCfg = Release|Any CPU
		{3F10A7CC-3135-457C-9A46-9C16ECB3BB57}.Release|Any CPU.Build.0 = Release|Any CPU
		{E68C7D70-2DB0-422A-8489-CA81B0A0D490}.Debug|Any CPU.ActiveCfg = Debug|Any CPU
		{E68C7D70-2DB0-422A-8489-CA81B0A0D490}.Debug|Any CPU.Build.0 = Debug|Any CPU
		{E68C7D70-2DB0-422A-8489-CA81B0A0D490}.Release|Any CPU.ActiveCfg = Release|Any CPU
		{E68C7D70-2DB0-422A-8489-CA81B0A0D490}.Release|Any CPU.Build.0 = Release|Any CPU
		{28BFA3A9-F628-484D-8C88-3B82407F1FBC}.Debug|Any CPU.ActiveCfg = Debug|Any CPU
		{28BFA3A9-F628-484D-8C88-3B82407F1FBC}.Debug|Any CPU.Build.0 = Debug|Any CPU
		{28BFA3A9-F628-484D-8C88-3B82407F1FBC}.Release|Any CPU.ActiveCfg = Release|Any CPU
		{28BFA3A9-F628-484D-8C88-3B82407F1FBC}.Release|Any CPU.Build.0 = Release|Any CPU
		{9DFBC661-D9BB-48AB-A841-07FCC886EB9B}.Debug|Any CPU.ActiveCfg = Debug|Any CPU
		{9DFBC661-D9BB-48AB-A841-07FCC886EB9B}.Debug|Any CPU.Build.0 = Debug|Any CPU
		{9DFBC661-D9BB-48AB-A841-07FCC886EB9B}.Release|Any CPU.ActiveCfg = Release|Any CPU
		{9DFBC661-D9BB-48AB-A841-07FCC886EB9B}.Release|Any CPU.Build.0 = Release|Any CPU
	EndGlobalSection
	GlobalSection(SolutionProperties) = preSolution
		HideSolutionNode = FALSE
	EndGlobalSection
	GlobalSection(NestedProjects) = preSolution
		{05455751-DE81-4A71-A2BE-F4F7E673E0E5} = {ED0FDC11-9AE0-4E09-868B-5ECDA0BFD679}
		{245BC4EE-57AB-4C8F-AB1A-4D6730F4D2C4} = {ADB387E1-1C87-4194-8A63-4726660B1A8A}
		{08CDF8C3-C1D8-46FB-AE0C-7F8EE76451EC} = {08A42363-C975-4012-AEAD-AE7EBFA6EE48}
		{EA18BE72-55FD-406C-83B1-7915F01A371D} = {ADB387E1-1C87-4194-8A63-4726660B1A8A}
		{ACBB5D17-12F2-42C7-8F42-4753DA472518} = {ADB387E1-1C87-4194-8A63-4726660B1A8A}
		{3F10A7CC-3135-457C-9A46-9C16ECB3BB57} = {08A42363-C975-4012-AEAD-AE7EBFA6EE48}
		{E68C7D70-2DB0-422A-8489-CA81B0A0D490} = {08A42363-C975-4012-AEAD-AE7EBFA6EE48}
		{28BFA3A9-F628-484D-8C88-3B82407F1FBC} = {ED0FDC11-9AE0-4E09-868B-5ECDA0BFD679}
		{9DFBC661-D9BB-48AB-A841-07FCC886EB9B} = {ED0FDC11-9AE0-4E09-868B-5ECDA0BFD679}
	EndGlobalSection
	GlobalSection(ExtensibilityGlobals) = postSolution
		SolutionGuid = {54C2663F-D160-409C-B3D3-5E0928DB0462}
	EndGlobalSection
EndGlobal
